
Microsoft Visual Studio Solution File, Format Version 12.00
Project("{FAE04EC0-301F-11D3-BF4B-00C04F79EFBC}") = "RCaron", "RCaron/RCaron.csproj", "{AB80574C-FEC6-4B8B-9307-410F2D45A7DC}"
EndProject
Project("{FAE04EC0-301F-11D3-BF4B-00C04F79EFBC}") = "RCaron.Tests", "RCaron.Tests\RCaron.Tests.csproj", "{8CBB1443-D7AD-4B9F-9D9A-D2ADDED4F3C6}"
EndProject
Project("{FAE04EC0-301F-11D3-BF4B-00C04F79EFBC}") = "RCaron.Testing", "RCaron.Testing\RCaron.Testing.csproj", "{8D0B22AF-250D-4151-8857-88D3DBC3E915}"
EndProject
Project("{FAE04EC0-301F-11D3-BF4B-00C04F79EFBC}") = "RCaron.Cli", "RCaron.Cli\RCaron.Cli.csproj", "{6E03EE38-69BA-41C7-8EB5-566F797B6183}"
EndProject
Project("{FAE04EC0-301F-11D3-BF4B-00C04F79EFBC}") = "RCaron.LibrarySourceGenerator", "RCaron.LibrarySourceGenerator\RCaron.LibrarySourceGenerator.csproj", "{A8D49984-CC2D-428E-A9E7-476D20DEB899}"
EndProject
Project("{FAE04EC0-301F-11D3-BF4B-00C04F79EFBC}") = "RCaron.FunLibrary", "RCaron.FunLibrary\RCaron.FunLibrary.csproj", "{C5F6FE5F-D3C6-42F0-B5E0-8240C96E093B}"
EndProject
Project("{FAE04EC0-301F-11D3-BF4B-00C04F79EFBC}") = "RCaron.Benchmarks", "RCaron.Benchmarks\RCaron.Benchmarks.csproj", "{1B7694A5-4A45-4B01-A953-56E3F7DBB422}"
EndProject
Project("{FAE04EC0-301F-11D3-BF4B-00C04F79EFBC}") = "RCaron.LanguageServer", "RCaron.LanguageServer\RCaron.LanguageServer.csproj", "{C3D86936-B176-4767-A18D-0A622DB3201B}"
EndProject
Project("{FAE04EC0-301F-11D3-BF4B-00C04F79EFBC}") = "RCaron.Jit", "RCaron.Jit\RCaron.Jit.csproj", "{414E01CF-A465-437F-A7F3-D5F417E07B74}"
EndProject
Project("{FAE04EC0-301F-11D3-BF4B-00C04F79EFBC}") = "RCaron.Jit.Tests", "RCaron.Jit.Tests\RCaron.Jit.Tests.csproj", "{3A9C5432-D20D-495F-B0B4-41EA81B9D253}"
EndProject
Global
	GlobalSection(SolutionConfigurationPlatforms) = preSolution
		Debug|Any CPU = Debug|Any CPU
		Release|Any CPU = Release|Any CPU
	EndGlobalSection
	GlobalSection(ProjectConfigurationPlatforms) = postSolution
		{AB80574C-FEC6-4B8B-9307-410F2D45A7DC}.Debug|Any CPU.ActiveCfg = Debug|Any CPU
		{AB80574C-FEC6-4B8B-9307-410F2D45A7DC}.Debug|Any CPU.Build.0 = Debug|Any CPU
		{AB80574C-FEC6-4B8B-9307-410F2D45A7DC}.Release|Any CPU.ActiveCfg = Release|Any CPU
		{AB80574C-FEC6-4B8B-9307-410F2D45A7DC}.Release|Any CPU.Build.0 = Release|Any CPU
		{8CBB1443-D7AD-4B9F-9D9A-D2ADDED4F3C6}.Debug|Any CPU.ActiveCfg = Debug|Any CPU
		{8CBB1443-D7AD-4B9F-9D9A-D2ADDED4F3C6}.Debug|Any CPU.Build.0 = Debug|Any CPU
		{8CBB1443-D7AD-4B9F-9D9A-D2ADDED4F3C6}.Release|Any CPU.ActiveCfg = Release|Any CPU
		{8CBB1443-D7AD-4B9F-9D9A-D2ADDED4F3C6}.Release|Any CPU.Build.0 = Release|Any CPU
		{8D0B22AF-250D-4151-8857-88D3DBC3E915}.Debug|Any CPU.ActiveCfg = Debug|Any CPU
		{8D0B22AF-250D-4151-8857-88D3DBC3E915}.Debug|Any CPU.Build.0 = Debug|Any CPU
		{8D0B22AF-250D-4151-8857-88D3DBC3E915}.Release|Any CPU.ActiveCfg = Release|Any CPU
		{8D0B22AF-250D-4151-8857-88D3DBC3E915}.Release|Any CPU.Build.0 = Release|Any CPU
		{6E03EE38-69BA-41C7-8EB5-566F797B6183}.Debug|Any CPU.ActiveCfg = Debug|Any CPU
		{6E03EE38-69BA-41C7-8EB5-566F797B6183}.Debug|Any CPU.Build.0 = Debug|Any CPU
		{6E03EE38-69BA-41C7-8EB5-566F797B6183}.Release|Any CPU.ActiveCfg = Release|Any CPU
		{6E03EE38-69BA-41C7-8EB5-566F797B6183}.Release|Any CPU.Build.0 = Release|Any CPU
		{A8D49984-CC2D-428E-A9E7-476D20DEB899}.Debug|Any CPU.ActiveCfg = Debug|Any CPU
		{A8D49984-CC2D-428E-A9E7-476D20DEB899}.Debug|Any CPU.Build.0 = Debug|Any CPU
		{A8D49984-CC2D-428E-A9E7-476D20DEB899}.Release|Any CPU.ActiveCfg = Release|Any CPU
		{A8D49984-CC2D-428E-A9E7-476D20DEB899}.Release|Any CPU.Build.0 = Release|Any CPU
		{C5F6FE5F-D3C6-42F0-B5E0-8240C96E093B}.Debug|Any CPU.ActiveCfg = Debug|Any CPU
		{C5F6FE5F-D3C6-42F0-B5E0-8240C96E093B}.Debug|Any CPU.Build.0 = Debug|Any CPU
		{C5F6FE5F-D3C6-42F0-B5E0-8240C96E093B}.Release|Any CPU.ActiveCfg = Release|Any CPU
		{C5F6FE5F-D3C6-42F0-B5E0-8240C96E093B}.Release|Any CPU.Build.0 = Release|Any CPU
		{1B7694A5-4A45-4B01-A953-56E3F7DBB422}.Debug|Any CPU.ActiveCfg = Debug|Any CPU
		{1B7694A5-4A45-4B01-A953-56E3F7DBB422}.Debug|Any CPU.Build.0 = Debug|Any CPU
		{1B7694A5-4A45-4B01-A953-56E3F7DBB422}.Release|Any CPU.ActiveCfg = Release|Any CPU
		{1B7694A5-4A45-4B01-A953-56E3F7DBB422}.Release|Any CPU.Build.0 = Release|Any CPU
		{414E01CF-A465-437F-A7F3-D5F417E07B74}.Debug|Any CPU.ActiveCfg = Debug|Any CPU
		{414E01CF-A465-437F-A7F3-D5F417E07B74}.Debug|Any CPU.Build.0 = Debug|Any CPU
		{414E01CF-A465-437F-A7F3-D5F417E07B74}.Release|Any CPU.ActiveCfg = Release|Any CPU
		{414E01CF-A465-437F-A7F3-D5F417E07B74}.Release|Any CPU.Build.0 = Release|Any CPU
		{C3D86936-B176-4767-A18D-0A622DB3201B}.Debug|Any CPU.ActiveCfg = Debug|Any CPU
		{C3D86936-B176-4767-A18D-0A622DB3201B}.Debug|Any CPU.Build.0 = Debug|Any CPU
		{C3D86936-B176-4767-A18D-0A622DB3201B}.Release|Any CPU.ActiveCfg = Release|Any CPU
		{C3D86936-B176-4767-A18D-0A622DB3201B}.Release|Any CPU.Build.0 = Release|Any CPU
		{3A9C5432-D20D-495F-B0B4-41EA81B9D253}.Debug|Any CPU.ActiveCfg = Debug|Any CPU
		{3A9C5432-D20D-495F-B0B4-41EA81B9D253}.Debug|Any CPU.Build.0 = Debug|Any CPU
		{3A9C5432-D20D-495F-B0B4-41EA81B9D253}.Release|Any CPU.ActiveCfg = Release|Any CPU
		{3A9C5432-D20D-495F-B0B4-41EA81B9D253}.Release|Any CPU.Build.0 = Release|Any CPU
	EndGlobalSection
EndGlobal
