
Microsoft Visual Studio Solution File, Format Version 12.00
Project("{FAE04EC0-301F-11D3-BF4B-00C04F79EFBC}") = "RCaron", "RCaron/RCaron.csproj", "{AB80574C-FEC6-4B8B-9307-410F2D45A7DC}"
EndProject
Project("{FAE04EC0-301F-11D3-BF4B-00C04F79EFBC}") = "RCaron.Tests", "RCaron.Tests\RCaron.Tests.csproj", "{8CBB1443-D7AD-4B9F-9D9A-D2ADDED4F3C6}"
EndProject
Project("{FAE04EC0-301F-11D3-BF4B-00C04F79EFBC}") = "RCaron.Testing", "RCaron.Testing\RCaron.Testing.csproj", "{8D0B22AF-250D-4151-8857-88D3DBC3E915}"
EndProject
Project("{FAE04EC0-301F-11D3-BF4B-00C04F79EFBC}") = "RCaron.Cli", "RCaron.Cli\RCaron.Cli.csproj", "{6E03EE38-69BA-41C7-8EB5-566F797B6183}"
EndProject
Global
	GlobalSection(SolutionConfigurationPlatforms) = preSolution
		Debug|Any CPU = Debug|Any CPU
		Release|Any CPU = Release|Any CPU
	EndGlobalSection
	GlobalSection(ProjectConfigurationPlatforms) = postSolution
		{AB80574C-FEC6-4B8B-9307-410F2D45A7DC}.Debug|Any CPU.ActiveCfg = Debug|Any CPU
		{AB80574C-FEC6-4B8B-9307-410F2D45A7DC}.Debug|Any CPU.Build.0 = Debug|Any CPU
		{AB80574C-FEC6-4B8B-9307-410F2D45A7DC}.Release|Any CPU.ActiveCfg = Release|Any CPU
		{AB80574C-FEC6-4B8B-9307-410F2D45A7DC}.Release|Any CPU.Build.0 = Release|Any CPU
		{8CBB1443-D7AD-4B9F-9D9A-D2ADDED4F3C6}.Debug|Any CPU.ActiveCfg = Debug|Any CPU
		{8CBB1443-D7AD-4B9F-9D9A-D2ADDED4F3C6}.Debug|Any CPU.Build.0 = Debug|Any CPU
		{8CBB1443-D7AD-4B9F-9D9A-D2ADDED4F3C6}.Release|Any CPU.ActiveCfg = Release|Any CPU
		{8CBB1443-D7AD-4B9F-9D9A-D2ADDED4F3C6}.Release|Any CPU.Build.0 = Release|Any CPU
		{8D0B22AF-250D-4151-8857-88D3DBC3E915}.Debug|Any CPU.ActiveCfg = Debug|Any CPU
		{8D0B22AF-250D-4151-8857-88D3DBC3E915}.Debug|Any CPU.Build.0 = Debug|Any CPU
		{8D0B22AF-250D-4151-8857-88D3DBC3E915}.Release|Any CPU.ActiveCfg = Release|Any CPU
		{8D0B22AF-250D-4151-8857-88D3DBC3E915}.Release|Any CPU.Build.0 = Release|Any CPU
		{6E03EE38-69BA-41C7-8EB5-566F797B6183}.Debug|Any CPU.ActiveCfg = Debug|Any CPU
		{6E03EE38-69BA-41C7-8EB5-566F797B6183}.Debug|Any CPU.Build.0 = Debug|Any CPU
		{6E03EE38-69BA-41C7-8EB5-566F797B6183}.Release|Any CPU.ActiveCfg = Release|Any CPU
		{6E03EE38-69BA-41C7-8EB5-566F797B6183}.Release|Any CPU.Build.0 = Release|Any CPU
	EndGlobalSection
EndGlobal
